
Microsoft Visual Studio Solution File, Format Version 12.00
# Visual Studio Version 17
VisualStudioVersion = 17.8.34309.116
MinimumVisualStudioVersion = 10.0.40219.1
Project("{FAE04EC0-301F-11D3-BF4B-00C04F79EFBC}") = "VTuberMusicBoxBackend", "VTuberMusicBoxBackend\VTuberMusicBoxBackend.csproj", "{0A59FC4C-C977-4EAB-8595-3596D64246D6}"
EndProject
Global
	GlobalSection(SolutionConfigurationPlatforms) = preSolution
		Debug|Any CPU = Debug|Any CPU
		Release|Any CPU = Release|Any CPU
	EndGlobalSection
	GlobalSection(ProjectConfigurationPlatforms) = postSolution
		{0A59FC4C-C977-4EAB-8595-3596D64246D6}.Debug|Any CPU.ActiveCfg = Debug|Any CPU
		{0A59FC4C-C977-4EAB-8595-3596D64246D6}.Debug|Any CPU.Build.0 = Debug|Any CPU
		{0A59FC4C-C977-4EAB-8595-3596D64246D6}.Release|Any CPU.ActiveCfg = Release|Any CPU
		{0A59FC4C-C977-4EAB-8595-3596D64246D6}.Release|Any CPU.Build.0 = Release|Any CPU
	EndGlobalSection
	GlobalSection(SolutionProperties) = preSolution
		HideSolutionNode = FALSE
	EndGlobalSection
	GlobalSection(ExtensibilityGlobals) = postSolution
		SolutionGuid = {F19E2DF7-1A99-42A9-90B3-E45F5BFB64BA}
	EndGlobalSection
EndGlobal
